
Microsoft Visual Studio Solution File, Format Version 12.00
# Visual Studio Version 17
VisualStudioVersion = 17.3.32901.215
MinimumVisualStudioVersion = 10.0.40219.1
Project("{FAE04EC0-301F-11D3-BF4B-00C04F79EFBC}") = "ELLIE_SYSTEM", "ELLIE_SYSTEM\ELLIE_SYSTEM.csproj", "{DEF31092-77C6-40B4-9571-0ADD45589550}"
EndProject
Global
	GlobalSection(SolutionConfigurationPlatforms) = preSolution
		Debug|Any CPU = Debug|Any CPU
		Release|Any CPU = Release|Any CPU
	EndGlobalSection
	GlobalSection(ProjectConfigurationPlatforms) = postSolution
		{DEF31092-77C6-40B4-9571-0ADD45589550}.Debug|Any CPU.ActiveCfg = Debug|Any CPU
		{DEF31092-77C6-40B4-9571-0ADD45589550}.Debug|Any CPU.Build.0 = Debug|Any CPU
		{DEF31092-77C6-40B4-9571-0ADD45589550}.Release|Any CPU.ActiveCfg = Release|Any CPU
		{DEF31092-77C6-40B4-9571-0ADD45589550}.Release|Any CPU.Build.0 = Release|Any CPU
	EndGlobalSection
	GlobalSection(SolutionProperties) = preSolution
		HideSolutionNode = FALSE
	EndGlobalSection
	GlobalSection(ExtensibilityGlobals) = postSolution
		SolutionGuid = {E3551ACA-C2C5-458B-BF59-311F79B1D777}
	EndGlobalSection
EndGlobal
